
Microsoft Visual Studio Solution File, Format Version 12.00
# Visual Studio Version 16
VisualStudioVersion = 16.0.30711.63
MinimumVisualStudioVersion = 10.0.40219.1
Project("{9A19103F-16F7-4668-BE54-9A1E7A4F7556}") = "DataAccess", "DataAccess\DataAccess.csproj", "{8C82089C-E680-4D25-884A-8D6007015580}"
EndProject
Project("{9A19103F-16F7-4668-BE54-9A1E7A4F7556}") = "Business", "Business\Business.csproj", "{6DCDCD02-314F-4EB5-BC4D-2A09731D3E58}"
EndProject
Project("{9A19103F-16F7-4668-BE54-9A1E7A4F7556}") = "Entities", "Entities\Entities.csproj", "{6854C341-FD2B-4E34-AE3B-B0438F523D28}"
EndProject
Project("{9A19103F-16F7-4668-BE54-9A1E7A4F7556}") = "ConsoleUI", "ConsoleUI\ConsoleUI.csproj", "{7868A567-D6CE-420A-9024-4F9AD9DCAE37}"
EndProject
Project("{9A19103F-16F7-4668-BE54-9A1E7A4F7556}") = "Core", "Core\Core.csproj", "{B587C51D-BDCB-42A7-96E2-C520DFE8002E}"
EndProject
Project("{FAE04EC0-301F-11D3-BF4B-00C04F79EFBC}") = "WebAPI", "WebAPI\WebAPI.csproj", "{C148371C-5E97-4BD7-8B33-004FB8DA15F5}"
EndProject
Global
	GlobalSection(SolutionConfigurationPlatforms) = preSolution
		Debug|Any CPU = Debug|Any CPU
		Release|Any CPU = Release|Any CPU
	EndGlobalSection
	GlobalSection(ProjectConfigurationPlatforms) = postSolution
		{8C82089C-E680-4D25-884A-8D6007015580}.Debug|Any CPU.ActiveCfg = Debug|Any CPU
		{8C82089C-E680-4D25-884A-8D6007015580}.Debug|Any CPU.Build.0 = Debug|Any CPU
		{8C82089C-E680-4D25-884A-8D6007015580}.Release|Any CPU.ActiveCfg = Release|Any CPU
		{8C82089C-E680-4D25-884A-8D6007015580}.Release|Any CPU.Build.0 = Release|Any CPU
		{6DCDCD02-314F-4EB5-BC4D-2A09731D3E58}.Debug|Any CPU.ActiveCfg = Debug|Any CPU
		{6DCDCD02-314F-4EB5-BC4D-2A09731D3E58}.Debug|Any CPU.Build.0 = Debug|Any CPU
		{6DCDCD02-314F-4EB5-BC4D-2A09731D3E58}.Release|Any CPU.ActiveCfg = Release|Any CPU
		{6DCDCD02-314F-4EB5-BC4D-2A09731D3E58}.Release|Any CPU.Build.0 = Release|Any CPU
		{6854C341-FD2B-4E34-AE3B-B0438F523D28}.Debug|Any CPU.ActiveCfg = Debug|Any CPU
		{6854C341-FD2B-4E34-AE3B-B0438F523D28}.Debug|Any CPU.Build.0 = Debug|Any CPU
		{6854C341-FD2B-4E34-AE3B-B0438F523D28}.Release|Any CPU.ActiveCfg = Release|Any CPU
		{6854C341-FD2B-4E34-AE3B-B0438F523D28}.Release|Any CPU.Build.0 = Release|Any CPU
		{7868A567-D6CE-420A-9024-4F9AD9DCAE37}.Debug|Any CPU.ActiveCfg = Debug|Any CPU
		{7868A567-D6CE-420A-9024-4F9AD9DCAE37}.Debug|Any CPU.Build.0 = Debug|Any CPU
		{7868A567-D6CE-420A-9024-4F9AD9DCAE37}.Release|Any CPU.ActiveCfg = Release|Any CPU
		{7868A567-D6CE-420A-9024-4F9AD9DCAE37}.Release|Any CPU.Build.0 = Release|Any CPU
		{B587C51D-BDCB-42A7-96E2-C520DFE8002E}.Debug|Any CPU.ActiveCfg = Debug|Any CPU
		{B587C51D-BDCB-42A7-96E2-C520DFE8002E}.Debug|Any CPU.Build.0 = Debug|Any CPU
		{B587C51D-BDCB-42A7-96E2-C520DFE8002E}.Release|Any CPU.ActiveCfg = Release|Any CPU
		{B587C51D-BDCB-42A7-96E2-C520DFE8002E}.Release|Any CPU.Build.0 = Release|Any CPU
		{C148371C-5E97-4BD7-8B33-004FB8DA15F5}.Debug|Any CPU.ActiveCfg = Debug|Any CPU
		{C148371C-5E97-4BD7-8B33-004FB8DA15F5}.Debug|Any CPU.Build.0 = Debug|Any CPU
		{C148371C-5E97-4BD7-8B33-004FB8DA15F5}.Release|Any CPU.ActiveCfg = Release|Any CPU
		{C148371C-5E97-4BD7-8B33-004FB8DA15F5}.Release|Any CPU.Build.0 = Release|Any CPU
	EndGlobalSection
	GlobalSection(SolutionProperties) = preSolution
		HideSolutionNode = FALSE
	EndGlobalSection
	GlobalSection(ExtensibilityGlobals) = postSolution
		SolutionGuid = {AF948EC1-1073-41C4-9B9F-DEEA3FA8FBD8}
	EndGlobalSection
EndGlobal
